
Microsoft Visual Studio Solution File, Format Version 12.00
# Visual Studio Version 16
VisualStudioVersion = 16.0.32228.343
MinimumVisualStudioVersion = 10.0.40219.1
Project("{FAE04EC0-301F-11D3-BF4B-00C04F79EFBC}") = "WpfApp1", "WpfApp1\WpfApp1.csproj", "{4F33A13C-CE68-4EAB-8690-065B84D711D6}"
EndProject
Global
	GlobalSection(SolutionConfigurationPlatforms) = preSolution
		Debug|Any CPU = Debug|Any CPU
		Release|Any CPU = Release|Any CPU
	EndGlobalSection
	GlobalSection(ProjectConfigurationPlatforms) = postSolution
		{4F33A13C-CE68-4EAB-8690-065B84D711D6}.Debug|Any CPU.ActiveCfg = Debug|Any CPU
		{4F33A13C-CE68-4EAB-8690-065B84D711D6}.Debug|Any CPU.Build.0 = Debug|Any CPU
		{4F33A13C-CE68-4EAB-8690-065B84D711D6}.Release|Any CPU.ActiveCfg = Release|Any CPU
		{4F33A13C-CE68-4EAB-8690-065B84D711D6}.Release|Any CPU.Build.0 = Release|Any CPU
	EndGlobalSection
	GlobalSection(SolutionProperties) = preSolution
		HideSolutionNode = FALSE
	EndGlobalSection
	GlobalSection(ExtensibilityGlobals) = postSolution
		SolutionGuid = {94D63CFB-588E-4818-9599-9E1B7977072E}
	EndGlobalSection
EndGlobal
